// !$*UTF8*$!
{
	archiveVersion = 1;
	classes = {
	};
	objectVersion = 46;
	objects = {

/* Begin PBXBuildFile section */
		30D9CF721E6677E5007E6380 /* AppDelegate.swift in Sources */ = {isa = PBXBuildFile; fileRef = 30D9CF711E6677E5007E6380 /* AppDelegate.swift */; };
		30D9CF741E6677E5007E6380 /* ViewController.swift in Sources */ = {isa = PBXBuildFile; fileRef = 30D9CF731E6677E5007E6380 /* ViewController.swift */; };
		30D9CF771E6677E5007E6380 /* Main.storyboard in Resources */ = {isa = PBXBuildFile; fileRef = 30D9CF751E6677E5007E6380 /* Main.storyboard */; };
		30D9CF791E6677E5007E6380 /* Assets.xcassets in Resources */ = {isa = PBXBuildFile; fileRef = 30D9CF781E6677E5007E6380 /* Assets.xcassets */; };
		30D9CF7C1E6677E5007E6380 /* LaunchScreen.storyboard in Resources */ = {isa = PBXBuildFile; fileRef = 30D9CF7A1E6677E5007E6380 /* LaunchScreen.storyboard */; };
		30D9CF871E6677E6007E6380 /* BaseProjectTests.swift in Sources */ = {isa = PBXBuildFile; fileRef = 30D9CF861E6677E6007E6380 /* BaseProjectTests.swift */; };
/* End PBXBuildFile section */

/* Begin PBXContainerItemProxy section */
		30D9CF831E6677E6007E6380 /* PBXContainerItemProxy */ = {
			isa = PBXContainerItemProxy;
			containerPortal = 30D9CF661E6677E5007E6380 /* Project object */;
			proxyType = 1;
			remoteGlobalIDString = 30D9CF6D1E6677E5007E6380;
			remoteInfo = BaseProject;
		};
/* End PBXContainerItemProxy section */

/* Begin PBXFileReference section */
		30D9CF6E1E6677E5007E6380 /* BaseProject.app */ = {isa = PBXFileReference; explicitFileType = wrapper.application; includeInIndex = 0; path = BaseProject.app; sourceTree = BUILT_PRODUCTS_DIR; };
		30D9CF711E6677E5007E6380 /* AppDelegate.swift */ = {isa = PBXFileReference; lastKnownFileType = sourcecode.swift; path = AppDelegate.swift; sourceTree = "<group>"; };
		30D9CF731E6677E5007E6380 /* ViewController.swift */ = {isa = PBXFileReference; lastKnownFileType = sourcecode.swift; path = ViewController.swift; sourceTree = "<group>"; };
		30D9CF761E6677E5007E6380 /* Base */ = {isa = PBXFileReference; lastKnownFileType = file.storyboard; name = Base; path = Base.lproj/Main.storyboard; sourceTree = "<group>"; };
		30D9CF781E6677E5007E6380 /* Assets.xcassets */ = {isa = PBXFileReference; lastKnownFileType = folder.assetcatalog; path = Assets.xcassets; sourceTree = "<group>"; };
		30D9CF7B1E6677E5007E6380 /* Base */ = {isa = PBXFileReference; lastKnownFileType = file.storyboard; name = Base; path = Base.lproj/LaunchScreen.storyboard; sourceTree = "<group>"; };
		30D9CF7D1E6677E5007E6380 /* Info.plist */ = {isa = PBXFileReference; lastKnownFileType = text.plist.xml; path = Info.plist; sourceTree = "<group>"; };
		30D9CF821E6677E6007E6380 /* BaseProjectTests.xctest */ = {isa = PBXFileReference; explicitFileType = wrapper.cfbundle; includeInIndex = 0; path = BaseProjectTests.xctest; sourceTree = BUILT_PRODUCTS_DIR; };
		30D9CF861E6677E6007E6380 /* BaseProjectTests.swift */ = {isa = PBXFileReference; lastKnownFileType = sourcecode.swift; path = BaseProjectTests.swift; sourceTree = "<group>"; };
		30D9CF881E6677E6007E6380 /* Info.plist */ = {isa = PBXFileReference; lastKnownFileType = text.plist.xml; path = Info.plist; sourceTree = "<group>"; };
/* End PBXFileReference section */

/* Begin PBXFrameworksBuildPhase section */
		30D9CF6B1E6677E5007E6380 /* Frameworks */ = {
			isa = PBXFrameworksBuildPhase;
			buildActionMask = 2147483647;
			files = (
			);
			runOnlyForDeploymentPostprocessing = 0;
		};
		30D9CF7F1E6677E6007E6380 /* Frameworks */ = {
			isa = PBXFrameworksBuildPhase;
			buildActionMask = 2147483647;
			files = (
			);
			runOnlyForDeploymentPostprocessing = 0;
		};
/* End PBXFrameworksBuildPhase section */

/* Begin PBXGroup section */
		30D9CF651E6677E5007E6380 = {
			isa = PBXGroup;
			children = (
				30D9CF701E6677E5007E6380 /* BaseProject */,
				30D9CF851E6677E6007E6380 /* BaseProjectTests */,
				30D9CF6F1E6677E5007E6380 /* Products */,
			);
			sourceTree = "<group>";
		};
		30D9CF6F1E6677E5007E6380 /* Products */ = {
			isa = PBXGroup;
			children = (
				30D9CF6E1E6677E5007E6380 /* BaseProject.app */,
				30D9CF821E6677E6007E6380 /* BaseProjectTests.xctest */,
			);
			name = Products;
			sourceTree = "<group>";
		};
		30D9CF701E6677E5007E6380 /* BaseProject */ = {
			isa = PBXGroup;
			children = (
				30D9CF711E6677E5007E6380 /* AppDelegate.swift */,
				30D9CF731E6677E5007E6380 /* ViewController.swift */,
				30D9CF751E6677E5007E6380 /* Main.storyboard */,
				30D9CF781E6677E5007E6380 /* Assets.xcassets */,
				30D9CF7A1E6677E5007E6380 /* LaunchScreen.storyboard */,
				30D9CF7D1E6677E5007E6380 /* Info.plist */,
			);
			path = BaseProject;
			sourceTree = "<group>";
		};
		30D9CF851E6677E6007E6380 /* BaseProjectTests */ = {
			isa = PBXGroup;
			children = (
				30D9CF861E6677E6007E6380 /* BaseProjectTests.swift */,
				30D9CF881E6677E6007E6380 /* Info.plist */,
			);
			path = BaseProjectTests;
			sourceTree = "<group>";
		};
/* End PBXGroup section */

/* Begin PBXNativeTarget section */
		30D9CF6D1E6677E5007E6380 /* BaseProject */ = {
			isa = PBXNativeTarget;
			buildConfigurationList = 30D9CF8B1E6677E6007E6380 /* Build configuration list for PBXNativeTarget "BaseProject" */;
			buildPhases = (
				30D9CF6A1E6677E5007E6380 /* Sources */,
				30D9CF6B1E6677E5007E6380 /* Frameworks */,
				30D9CF6C1E6677E5007E6380 /* Resources */,
			);
			buildRules = (
			);
			dependencies = (
			);
			name = BaseProject;
			productName = BaseProject;
			productReference = 30D9CF6E1E6677E5007E6380 /* BaseProject.app */;
			productType = "com.apple.product-type.application";
		};
		30D9CF811E6677E6007E6380 /* BaseProjectTests */ = {
			isa = PBXNativeTarget;
			buildConfigurationList = 30D9CF8E1E6677E6007E6380 /* Build configuration list for PBXNativeTarget "BaseProjectTests" */;
			buildPhases = (
				30D9CF7E1E6677E6007E6380 /* Sources */,
				30D9CF7F1E6677E6007E6380 /* Frameworks */,
				30D9CF801E6677E6007E6380 /* Resources */,
			);
			buildRules = (
			);
			dependencies = (
				30D9CF841E6677E6007E6380 /* PBXTargetDependency */,
			);
			name = BaseProjectTests;
			productName = BaseProjectTests;
			productReference = 30D9CF821E6677E6007E6380 /* BaseProjectTests.xctest */;
			productType = "com.apple.product-type.bundle.unit-test";
		};
/* End PBXNativeTarget section */

/* Begin PBXProject section */
		30D9CF661E6677E5007E6380 /* Project object */ = {
			isa = PBXProject;
			attributes = {
				LastSwiftUpdateCheck = 0820;
				LastUpgradeCheck = 0820;
				ORGANIZATIONNAME = "Thieu Mao";
				TargetAttributes = {
					30D9CF6D1E6677E5007E6380 = {
						CreatedOnToolsVersion = 8.2.1;
						DevelopmentTeam = Z4ZNZ62PTW;
						ProvisioningStyle = Automatic;
					};
					30D9CF811E6677E6007E6380 = {
						CreatedOnToolsVersion = 8.2.1;
						DevelopmentTeam = Z4ZNZ62PTW;
						ProvisioningStyle = Automatic;
						TestTargetID = 30D9CF6D1E6677E5007E6380;
					};
				};
			};
			buildConfigurationList = 30D9CF691E6677E5007E6380 /* Build configuration list for PBXProject "BaseProject" */;
			compatibilityVersion = "Xcode 3.2";
			developmentRegion = English;
			hasScannedForEncodings = 0;
			knownRegions = (
				en,
				Base,
			);
			mainGroup = 30D9CF651E6677E5007E6380;
			productRefGroup = 30D9CF6F1E6677E5007E6380 /* Products */;
			projectDirPath = "";
			projectRoot = "";
			targets = (
				30D9CF6D1E6677E5007E6380 /* BaseProject */,
				30D9CF811E6677E6007E6380 /* BaseProjectTests */,
			);
		};
/* End PBXProject section */

/* Begin PBXResourcesBuildPhase section */
		30D9CF6C1E6677E5007E6380 /* Resources */ = {
			isa = PBXResourcesBuildPhase;
			buildActionMask = 2147483647;
			files = (
				30D9CF7C1E6677E5007E6380 /* LaunchScreen.storyboard in Resources */,
				30D9CF791E6677E5007E6380 /* Assets.xcassets in Resources */,
				30D9CF771E6677E5007E6380 /* Main.storyboard in Resources */,
			);
			runOnlyForDeploymentPostprocessing = 0;
		};
		30D9CF801E6677E6007E6380 /* Resources */ = {
			isa = PBXResourcesBuildPhase;
			buildActionMask = 2147483647;
			files = (
			);
			runOnlyForDeploymentPostprocessing = 0;
		};
/* End PBXResourcesBuildPhase section */

/* Begin PBXSourcesBuildPhase section */
		30D9CF6A1E6677E5007E6380 /* Sources */ = {
			isa = PBXSourcesBuildPhase;
			buildActionMask = 2147483647;
			files = (
				30D9CF741E6677E5007E6380 /* ViewController.swift in Sources */,
				30D9CF721E6677E5007E6380 /* AppDelegate.swift in Sources */,
			);
			runOnlyForDeploymentPostprocessing = 0;
		};
		30D9CF7E1E6677E6007E6380 /* Sources */ = {
			isa = PBXSourcesBuildPhase;
			buildActionMask = 2147483647;
			files = (
				30D9CF871E6677E6007E6380 /* BaseProjectTests.swift in Sources */,
			);
			runOnlyForDeploymentPostprocessing = 0;
		};
/* End PBXSourcesBuildPhase section */

/* Begin PBXTargetDependency section */
		30D9CF841E6677E6007E6380 /* PBXTargetDependency */ = {
			isa = PBXTargetDependency;
			target = 30D9CF6D1E6677E5007E6380 /* BaseProject */;
			targetProxy = 30D9CF831E6677E6007E6380 /* PBXContainerItemProxy */;
		};
/* End PBXTargetDependency section */

/* Begin PBXVariantGroup section */
		30D9CF751E6677E5007E6380 /* Main.storyboard */ = {
			isa = PBXVariantGroup;
			children = (
				30D9CF761E6677E5007E6380 /* Base */,
			);
			name = Main.storyboard;
			sourceTree = "<group>";
		};
		30D9CF7A1E6677E5007E6380 /* LaunchScreen.storyboard */ = {
			isa = PBXVariantGroup;
			children = (
				30D9CF7B1E6677E5007E6380 /* Base */,
			);
			name = LaunchScreen.storyboard;
			sourceTree = "<group>";
		};
/* End PBXVariantGroup section */

/* Begin XCBuildConfiguration section */
		30D9CF891E6677E6007E6380 /* Debug */ = {
			isa = XCBuildConfiguration;
			buildSettings = {
				ALWAYS_SEARCH_USER_PATHS = NO;
				CLANG_ANALYZER_NONNULL = YES;
				CLANG_CXX_LANGUAGE_STANDARD = "gnu++0x";
				CLANG_CXX_LIBRARY = "libc++";
				CLANG_ENABLE_MODULES = YES;
				CLANG_ENABLE_OBJC_ARC = YES;
				CLANG_WARN_BOOL_CONVERSION = YES;
				CLANG_WARN_CONSTANT_CONVERSION = YES;
				CLANG_WARN_DIRECT_OBJC_ISA_USAGE = YES_ERROR;
				CLANG_WARN_DOCUMENTATION_COMMENTS = YES;
				CLANG_WARN_EMPTY_BODY = YES;
				CLANG_WARN_ENUM_CONVERSION = YES;
				CLANG_WARN_INFINITE_RECURSION = YES;
				CLANG_WARN_INT_CONVERSION = YES;
				CLANG_WARN_OBJC_ROOT_CLASS = YES_ERROR;
				CLANG_WARN_SUSPICIOUS_MOVE = YES;
				CLANG_WARN_UNREACHABLE_CODE = YES;
				CLANG_WARN__DUPLICATE_METHOD_MATCH = YES;
				"CODE_SIGN_IDENTITY[sdk=iphoneos*]" = "iPhone Developer";
				COPY_PHASE_STRIP = NO;
				DEBUG_INFORMATION_FORMAT = dwarf;
				ENABLE_STRICT_OBJC_MSGSEND = YES;
				ENABLE_TESTABILITY = YES;
				GCC_C_LANGUAGE_STANDARD = gnu99;
				GCC_DYNAMIC_NO_PIC = NO;
				GCC_NO_COMMON_BLOCKS = YES;
				GCC_OPTIMIZATION_LEVEL = 0;
				GCC_PREPROCESSOR_DEFINITIONS = (
					"DEBUG=1",
					"$(inherited)",
				);
				GCC_WARN_64_TO_32_BIT_CONVERSION = YES;
				GCC_WARN_ABOUT_RETURN_TYPE = YES_ERROR;
				GCC_WARN_UNDECLARED_SELECTOR = YES;
				GCC_WARN_UNINITIALIZED_AUTOS = YES_AGGRESSIVE;
				GCC_WARN_UNUSED_FUNCTION = YES;
				GCC_WARN_UNUSED_VARIABLE = YES;
				IPHONEOS_DEPLOYMENT_TARGET = 10.2;
				MTL_ENABLE_DEBUG_INFO = YES;
				ONLY_ACTIVE_ARCH = YES;
				SDKROOT = iphoneos;
				SWIFT_ACTIVE_COMPILATION_CONDITIONS = DEBUG;
				SWIFT_OPTIMIZATION_LEVEL = "-Onone";
			};
			name = Debug;
		};
		30D9CF8A1E6677E6007E6380 /* Release */ = {
			isa = XCBuildConfiguration;
			buildSettings = {
				ALWAYS_SEARCH_USER_PATHS = NO;
				CLANG_ANALYZER_NONNULL = YES;
				CLANG_CXX_LANGUAGE_STANDARD = "gnu++0x";
				CLANG_CXX_LIBRARY = "libc++";
				CLANG_ENABLE_MODULES = YES;
				CLANG_ENABLE_OBJC_ARC = YES;
				CLANG_WARN_BOOL_CONVERSION = YES;
				CLANG_WARN_CONSTANT_CONVERSION = YES;
				CLANG_WARN_DIRECT_OBJC_ISA_USAGE = YES_ERROR;
				CLANG_WARN_DOCUMENTATION_COMMENTS = YES;
				CLANG_WARN_EMPTY_BODY = YES;
				CLANG_WARN_ENUM_CONVERSION = YES;
				CLANG_WARN_INFINITE_RECURSION = YES;
				CLANG_WARN_INT_CONVERSION = YES;
				CLANG_WARN_OBJC_ROOT_CLASS = YES_ERROR;
				CLANG_WARN_SUSPICIOUS_MOVE = YES;
				CLANG_WARN_UNREACHABLE_CODE = YES;
				CLANG_WARN__DUPLICATE_METHOD_MATCH = YES;
				"CODE_SIGN_IDENTITY[sdk=iphoneos*]" = "iPhone Developer";
				COPY_PHASE_STRIP = NO;
				DEBUG_INFORMATION_FORMAT = "dwarf-with-dsym";
				ENABLE_NS_ASSERTIONS = NO;
				ENABLE_STRICT_OBJC_MSGSEND = YES;
				GCC_C_LANGUAGE_STANDARD = gnu99;
				GCC_NO_COMMON_BLOCKS = YES;
				GCC_WARN_64_TO_32_BIT_CONVERSION = YES;
				GCC_WARN_ABOUT_RETURN_TYPE = YES_ERROR;
				GCC_WARN_UNDECLARED_SELECTOR = YES;
				GCC_WARN_UNINITIALIZED_AUTOS = YES_AGGRESSIVE;
				GCC_WARN_UNUSED_FUNCTION = YES;
				GCC_WARN_UNUSED_VARIABLE = YES;
				IPHONEOS_DEPLOYMENT_TARGET = 10.2;
				MTL_ENABLE_DEBUG_INFO = NO;
				SDKROOT = iphoneos;
				SWIFT_OPTIMIZATION_LEVEL = "-Owholemodule";
				VALIDATE_PRODUCT = YES;
			};
			name = Release;
		};
		30D9CF8C1E6677E6007E6380 /* Debug */ = {
			isa = XCBuildConfiguration;
			buildSettings = {
				ASSETCATALOG_COMPILER_APPICON_NAME = AppIcon;
				DEVELOPMENT_TEAM = Z4ZNZ62PTW;
				INFOPLIST_FILE = BaseProject/Info.plist;
				LD_RUNPATH_SEARCH_PATHS = "$(inherited) @executable_path/Frameworks";
				PRODUCT_BUNDLE_IDENTIFIER = com.haynhanh.BaseProject;
				PRODUCT_NAME = "$(TARGET_NAME)";
				SWIFT_VERSION = 3.0;
			};
			name = Debug;
		};
		30D9CF8D1E6677E6007E6380 /* Release */ = {
			isa = XCBuildConfiguration;
			buildSettings = {
				ASSETCATALOG_COMPILER_APPICON_NAME = AppIcon;
				DEVELOPMENT_TEAM = Z4ZNZ62PTW;
				INFOPLIST_FILE = BaseProject/Info.plist;
				LD_RUNPATH_SEARCH_PATHS = "$(inherited) @executable_path/Frameworks";
				PRODUCT_BUNDLE_IDENTIFIER = com.haynhanh.BaseProject;
				PRODUCT_NAME = "$(TARGET_NAME)";
				SWIFT_VERSION = 3.0;
			};
			name = Release;
		};
		30D9CF8F1E6677E6007E6380 /* Debug */ = {
			isa = XCBuildConfiguration;
			buildSettings = {
				ALWAYS_EMBED_SWIFT_STANDARD_LIBRARIES = YES;
				BUNDLE_LOADER = "$(TEST_HOST)";
				DEVELOPMENT_TEAM = Z4ZNZ62PTW;
				INFOPLIST_FILE = BaseProjectTests/Info.plist;
				LD_RUNPATH_SEARCH_PATHS = "$(inherited) @executable_path/Frameworks @loader_path/Frameworks";
				PRODUCT_BUNDLE_IDENTIFIER = com.haynhanh.BaseProjectTests;
				PRODUCT_NAME = "$(TARGET_NAME)";
				SWIFT_VERSION = 3.0;
				TEST_HOST = "$(BUILT_PRODUCTS_DIR)/BaseProject.app/BaseProject";
			};
			name = Debug;
		};
		30D9CF901E6677E6007E6380 /* Release */ = {
			isa = XCBuildConfiguration;
			buildSettings = {
				ALWAYS_EMBED_SWIFT_STANDARD_LIBRARIES = YES;
				BUNDLE_LOADER = "$(TEST_HOST)";
				DEVELOPMENT_TEAM = Z4ZNZ62PTW;
				INFOPLIST_FILE = BaseProjectTests/Info.plist;
				LD_RUNPATH_SEARCH_PATHS = "$(inherited) @executable_path/Frameworks @loader_path/Frameworks";
				PRODUCT_BUNDLE_IDENTIFIER = com.haynhanh.BaseProjectTests;
				PRODUCT_NAME = "$(TARGET_NAME)";
				SWIFT_VERSION = 3.0;
				TEST_HOST = "$(BUILT_PRODUCTS_DIR)/BaseProject.app/BaseProject";
			};
			name = Release;
		};
/* End XCBuildConfiguration section */

/* Begin XCConfigurationList section */
		30D9CF691E6677E5007E6380 /* Build configuration list for PBXProject "BaseProject" */ = {
			isa = XCConfigurationList;
			buildConfigurations = (
				30D9CF891E6677E6007E6380 /* Debug */,
				30D9CF8A1E6677E6007E6380 /* Release */,
			);
			defaultConfigurationIsVisible = 0;
			defaultConfigurationName = Release;
		};
		30D9CF8B1E6677E6007E6380 /* Build configuration list for PBXNativeTarget "BaseProject" */ = {
			isa = XCConfigurationList;
			buildConfigurations = (
				30D9CF8C1E6677E6007E6380 /* Debug */,
				30D9CF8D1E6677E6007E6380 /* Release */,
			);
			defaultConfigurationIsVisible = 0;
		};
		30D9CF8E1E6677E6007E6380 /* Build configuration list for PBXNativeTarget "BaseProjectTests" */ = {
			isa = XCConfigurationList;
			buildConfigurations = (
				30D9CF8F1E6677E6007E6380 /* Debug */,
				30D9CF901E6677E6007E6380 /* Release */,
			);
			defaultConfigurationIsVisible = 0;
		};
/* End XCConfigurationList section */
	};
	rootObject = 30D9CF661E6677E5007E6380 /* Project object */;
}
